
Microsoft Visual Studio Solution File, Format Version 12.00
# Visual Studio Version 17
VisualStudioVersion = 17.1.32328.378
MinimumVisualStudioVersion = 10.0.40219.1
Project("{FAE04EC0-301F-11D3-BF4B-00C04F79EFBC}") = "Slimoon_BattleHelper", "Slimoon_BattleHelper\Slimoon_BattleHelper.csproj", "{7FF8F1AE-FE48-4FBF-A6B9-09B4369D9CD7}"
EndProject
Global
	GlobalSection(SolutionConfigurationPlatforms) = preSolution
		Debug|Any CPU = Debug|Any CPU
		Release|Any CPU = Release|Any CPU
	EndGlobalSection
	GlobalSection(ProjectConfigurationPlatforms) = postSolution
		{7FF8F1AE-FE48-4FBF-A6B9-09B4369D9CD7}.Debug|Any CPU.ActiveCfg = Debug|Any CPU
		{7FF8F1AE-FE48-4FBF-A6B9-09B4369D9CD7}.Debug|Any CPU.Build.0 = Debug|Any CPU
		{7FF8F1AE-FE48-4FBF-A6B9-09B4369D9CD7}.Release|Any CPU.ActiveCfg = Release|Any CPU
		{7FF8F1AE-FE48-4FBF-A6B9-09B4369D9CD7}.Release|Any CPU.Build.0 = Release|Any CPU
	EndGlobalSection
	GlobalSection(SolutionProperties) = preSolution
		HideSolutionNode = FALSE
	EndGlobalSection
	GlobalSection(ExtensibilityGlobals) = postSolution
		SolutionGuid = {56CCA3E8-37C5-4DFD-A145-5B79F972A8EE}
	EndGlobalSection
EndGlobal
